
Microsoft Visual Studio Solution File, Format Version 12.00
# Visual Studio Version 16
VisualStudioVersion = 16.0.31515.178
MinimumVisualStudioVersion = 10.0.40219.1
Project("{9A19103F-16F7-4668-BE54-9A1E7A4F7556}") = "Events.API", "Events.API\Events.API.csproj", "{AD77530E-0877-44F5-9DFE-52F4720F2FB4}"
EndProject
Project("{FAE04EC0-301F-11D3-BF4B-00C04F79EFBC}") = "Events.Service", "Events.Service\Events.Service.csproj", "{9FD51D4C-F086-4530-8505-2C8EC7EBC571}"
EndProject
Project("{FAE04EC0-301F-11D3-BF4B-00C04F79EFBC}") = "Events.DAO", "Events.DAO\Events.DAO.csproj", "{6A1EAF17-F786-4F17-BCF3-2DB98E48D91C}"
EndProject
Project("{FAE04EC0-301F-11D3-BF4B-00C04F79EFBC}") = "Events.Domain", "Events.Domain\Events.Domain.csproj", "{A156FCC7-13AB-4C64-96AB-66A3AA0699DE}"
EndProject
Global
	GlobalSection(SolutionConfigurationPlatforms) = preSolution
		Debug|Any CPU = Debug|Any CPU
		Release|Any CPU = Release|Any CPU
	EndGlobalSection
	GlobalSection(ProjectConfigurationPlatforms) = postSolution
		{AD77530E-0877-44F5-9DFE-52F4720F2FB4}.Debug|Any CPU.ActiveCfg = Debug|Any CPU
		{AD77530E-0877-44F5-9DFE-52F4720F2FB4}.Debug|Any CPU.Build.0 = Debug|Any CPU
		{AD77530E-0877-44F5-9DFE-52F4720F2FB4}.Release|Any CPU.ActiveCfg = Release|Any CPU
		{AD77530E-0877-44F5-9DFE-52F4720F2FB4}.Release|Any CPU.Build.0 = Release|Any CPU
		{9FD51D4C-F086-4530-8505-2C8EC7EBC571}.Debug|Any CPU.ActiveCfg = Debug|Any CPU
		{9FD51D4C-F086-4530-8505-2C8EC7EBC571}.Debug|Any CPU.Build.0 = Debug|Any CPU
		{9FD51D4C-F086-4530-8505-2C8EC7EBC571}.Release|Any CPU.ActiveCfg = Release|Any CPU
		{9FD51D4C-F086-4530-8505-2C8EC7EBC571}.Release|Any CPU.Build.0 = Release|Any CPU
		{6A1EAF17-F786-4F17-BCF3-2DB98E48D91C}.Debug|Any CPU.ActiveCfg = Debug|Any CPU
		{6A1EAF17-F786-4F17-BCF3-2DB98E48D91C}.Debug|Any CPU.Build.0 = Debug|Any CPU
		{6A1EAF17-F786-4F17-BCF3-2DB98E48D91C}.Release|Any CPU.ActiveCfg = Release|Any CPU
		{6A1EAF17-F786-4F17-BCF3-2DB98E48D91C}.Release|Any CPU.Build.0 = Release|Any CPU
		{A156FCC7-13AB-4C64-96AB-66A3AA0699DE}.Debug|Any CPU.ActiveCfg = Debug|Any CPU
		{A156FCC7-13AB-4C64-96AB-66A3AA0699DE}.Debug|Any CPU.Build.0 = Debug|Any CPU
		{A156FCC7-13AB-4C64-96AB-66A3AA0699DE}.Release|Any CPU.ActiveCfg = Release|Any CPU
		{A156FCC7-13AB-4C64-96AB-66A3AA0699DE}.Release|Any CPU.Build.0 = Release|Any CPU
	EndGlobalSection
	GlobalSection(SolutionProperties) = preSolution
		HideSolutionNode = FALSE
	EndGlobalSection
	GlobalSection(ExtensibilityGlobals) = postSolution
		SolutionGuid = {2EADE204-08DE-41D3-973B-EA5D7083E0D4}
	EndGlobalSection
EndGlobal
